// !$*UTF8*$!
{
	archiveVersion = 1;
	classes = {
	};
	objectVersion = 46;
	objects = {

/* Begin PBXBuildFile section */
		633646BF1B8C657400FF45E2 /* AppDelegate.swift in Sources */ = {isa = PBXBuildFile; fileRef = 633646BE1B8C657400FF45E2 /* AppDelegate.swift */; };
		633646C11B8C657400FF45E2 /* ViewController.swift in Sources */ = {isa = PBXBuildFile; fileRef = 633646C01B8C657400FF45E2 /* ViewController.swift */; };
		633646C61B8C657400FF45E2 /* Images.xcassets in Resources */ = {isa = PBXBuildFile; fileRef = 633646C51B8C657400FF45E2 /* Images.xcassets */; };
		633646C91B8C657400FF45E2 /* LaunchScreen.xib in Resources */ = {isa = PBXBuildFile; fileRef = 633646C71B8C657400FF45E2 /* LaunchScreen.xib */; };
		8461DBD22438B656001B9BB2 /* StartMenuViewController.swift in Sources */ = {isa = PBXBuildFile; fileRef = 8461DBD12438B656001B9BB2 /* StartMenuViewController.swift */; };
		8461DBDB2441EFD1001B9BB2 /* RegisterController.swift in Sources */ = {isa = PBXBuildFile; fileRef = 8461DBDA2441EFD1001B9BB2 /* RegisterController.swift */; };
		8461DBE32441F1CA001B9BB2 /* SelectCategoryController.swift in Sources */ = {isa = PBXBuildFile; fileRef = 8461DBE22441F1CA001B9BB2 /* SelectCategoryController.swift */; };
		8461DBE52441F5D5001B9BB2 /* LoginController.swift in Sources */ = {isa = PBXBuildFile; fileRef = 8461DBE42441F5D5001B9BB2 /* LoginController.swift */; };
		8461DBE724420925001B9BB2 /* GoogleService-Info.plist in Resources */ = {isa = PBXBuildFile; fileRef = 8461DBE624420924001B9BB2 /* GoogleService-Info.plist */; };
		8461DBE9244B465B001B9BB2 /* Game.swift in Sources */ = {isa = PBXBuildFile; fileRef = 8461DBE8244B465B001B9BB2 /* Game.swift */; };
		8461DBED244C6C4C001B9BB2 /* RoomViewController.swift in Sources */ = {isa = PBXBuildFile; fileRef = 8461DBEC244C6C4C001B9BB2 /* RoomViewController.swift */; };
		8485A76E244DCD3B00668264 /* EndedMultiplayerViewController.swift in Sources */ = {isa = PBXBuildFile; fileRef = 8485A76D244DCD3B00668264 /* EndedMultiplayerViewController.swift */; };
		84A02FE42430DAA4007CF19A /* Question.swift in Sources */ = {isa = PBXBuildFile; fileRef = 84A02FE32430DAA4007CF19A /* Question.swift */; };
		ADEB04ED1FBDFEAA00026359 /* Main.storyboard in Resources */ = {isa = PBXBuildFile; fileRef = 633646C21B8C657400FF45E2 /* Main.storyboard */; };
		DF6B3D1E2BFE357BEDEFD7C0 /* Pods_Quizzler.framework in Frameworks */ = {isa = PBXBuildFile; fileRef = 34E528F3CC7DBE7C8A53C327 /* Pods_Quizzler.framework */; };
/* End PBXBuildFile section */

/* Begin PBXFileReference section */
		222022ECF98B5938E7FB7895 /* Pods-Quizzler.debug.xcconfig */ = {isa = PBXFileReference; includeInIndex = 1; lastKnownFileType = text.xcconfig; name = "Pods-Quizzler.debug.xcconfig"; path = "Target Support Files/Pods-Quizzler/Pods-Quizzler.debug.xcconfig"; sourceTree = "<group>"; };
		34E528F3CC7DBE7C8A53C327 /* Pods_Quizzler.framework */ = {isa = PBXFileReference; explicitFileType = wrapper.framework; includeInIndex = 0; path = Pods_Quizzler.framework; sourceTree = BUILT_PRODUCTS_DIR; };
		435EA97632189DAAEED19D6B /* Pods-Quizzler.release.xcconfig */ = {isa = PBXFileReference; includeInIndex = 1; lastKnownFileType = text.xcconfig; name = "Pods-Quizzler.release.xcconfig"; path = "Target Support Files/Pods-Quizzler/Pods-Quizzler.release.xcconfig"; sourceTree = "<group>"; };
		633646B91B8C657400FF45E2 /* Quizzler.app */ = {isa = PBXFileReference; explicitFileType = wrapper.application; includeInIndex = 0; path = Quizzler.app; sourceTree = BUILT_PRODUCTS_DIR; };
		633646BD1B8C657400FF45E2 /* Info.plist */ = {isa = PBXFileReference; lastKnownFileType = text.plist.xml; path = Info.plist; sourceTree = "<group>"; };
		633646BE1B8C657400FF45E2 /* AppDelegate.swift */ = {isa = PBXFileReference; lastKnownFileType = sourcecode.swift; path = AppDelegate.swift; sourceTree = "<group>"; };
		633646C01B8C657400FF45E2 /* ViewController.swift */ = {isa = PBXFileReference; lastKnownFileType = sourcecode.swift; path = ViewController.swift; sourceTree = "<group>"; };
		633646C31B8C657400FF45E2 /* Base */ = {isa = PBXFileReference; lastKnownFileType = file.storyboard; name = Base; path = Base.lproj/Main.storyboard; sourceTree = "<group>"; };
		633646C51B8C657400FF45E2 /* Images.xcassets */ = {isa = PBXFileReference; lastKnownFileType = folder.assetcatalog; path = Images.xcassets; sourceTree = "<group>"; };
		633646C81B8C657400FF45E2 /* Base */ = {isa = PBXFileReference; lastKnownFileType = file.xib; name = Base; path = Base.lproj/LaunchScreen.xib; sourceTree = "<group>"; };
		8461DBD12438B656001B9BB2 /* StartMenuViewController.swift */ = {isa = PBXFileReference; lastKnownFileType = sourcecode.swift; path = StartMenuViewController.swift; sourceTree = "<group>"; };
		8461DBDA2441EFD1001B9BB2 /* RegisterController.swift */ = {isa = PBXFileReference; lastKnownFileType = sourcecode.swift; path = RegisterController.swift; sourceTree = "<group>"; };
		8461DBE22441F1CA001B9BB2 /* SelectCategoryController.swift */ = {isa = PBXFileReference; lastKnownFileType = sourcecode.swift; path = SelectCategoryController.swift; sourceTree = "<group>"; };
		8461DBE42441F5D5001B9BB2 /* LoginController.swift */ = {isa = PBXFileReference; lastKnownFileType = sourcecode.swift; path = LoginController.swift; sourceTree = "<group>"; };
		8461DBE624420924001B9BB2 /* GoogleService-Info.plist */ = {isa = PBXFileReference; fileEncoding = 4; lastKnownFileType = text.plist.xml; path = "GoogleService-Info.plist"; sourceTree = "<group>"; };
		8461DBE8244B465B001B9BB2 /* Game.swift */ = {isa = PBXFileReference; lastKnownFileType = sourcecode.swift; path = Game.swift; sourceTree = "<group>"; };
		8461DBEC244C6C4C001B9BB2 /* RoomViewController.swift */ = {isa = PBXFileReference; lastKnownFileType = sourcecode.swift; path = RoomViewController.swift; sourceTree = "<group>"; };
		8485A76D244DCD3B00668264 /* EndedMultiplayerViewController.swift */ = {isa = PBXFileReference; lastKnownFileType = sourcecode.swift; path = EndedMultiplayerViewController.swift; sourceTree = "<group>"; };
		84A02FE32430DAA4007CF19A /* Question.swift */ = {isa = PBXFileReference; lastKnownFileType = sourcecode.swift; path = Question.swift; sourceTree = "<group>"; };
/* End PBXFileReference section */

/* Begin PBXFrameworksBuildPhase section */
		633646B61B8C657400FF45E2 /* Frameworks */ = {
			isa = PBXFrameworksBuildPhase;
			buildActionMask = 2147483647;
			files = (
				DF6B3D1E2BFE357BEDEFD7C0 /* Pods_Quizzler.framework in Frameworks */,
			);
			runOnlyForDeploymentPostprocessing = 0;
		};
/* End PBXFrameworksBuildPhase section */

/* Begin PBXGroup section */
		633646B01B8C657400FF45E2 = {
			isa = PBXGroup;
			children = (
				633646BB1B8C657400FF45E2 /* Quizzler */,
				633646BA1B8C657400FF45E2 /* Products */,
				E02282E6B56EEE5C75987751 /* Pods */,
				753DECB18122C369C55E11D7 /* Frameworks */,
			);
			sourceTree = "<group>";
		};
		633646BA1B8C657400FF45E2 /* Products */ = {
			isa = PBXGroup;
			children = (
				633646B91B8C657400FF45E2 /* Quizzler.app */,
			);
			name = Products;
			sourceTree = "<group>";
		};
		633646BB1B8C657400FF45E2 /* Quizzler */ = {
			isa = PBXGroup;
			children = (
				EBB1C72D1B946C580011F5C3 /* Controller */,
				EBB1C72C1B946C530011F5C3 /* Model */,
				EBB1C72B1B946C4B0011F5C3 /* View */,
				633646BC1B8C657400FF45E2 /* Supporting Files */,
			);
			path = Quizzler;
			sourceTree = "<group>";
		};
		633646BC1B8C657400FF45E2 /* Supporting Files */ = {
			isa = PBXGroup;
			children = (
				633646C71B8C657400FF45E2 /* LaunchScreen.xib */,
				8461DBE624420924001B9BB2 /* GoogleService-Info.plist */,
				633646BD1B8C657400FF45E2 /* Info.plist */,
			);
			name = "Supporting Files";
			sourceTree = "<group>";
		};
		753DECB18122C369C55E11D7 /* Frameworks */ = {
			isa = PBXGroup;
			children = (
				34E528F3CC7DBE7C8A53C327 /* Pods_Quizzler.framework */,
			);
			name = Frameworks;
			sourceTree = "<group>";
		};
		E02282E6B56EEE5C75987751 /* Pods */ = {
			isa = PBXGroup;
			children = (
				222022ECF98B5938E7FB7895 /* Pods-Quizzler.debug.xcconfig */,
				435EA97632189DAAEED19D6B /* Pods-Quizzler.release.xcconfig */,
			);
			path = Pods;
			sourceTree = "<group>";
		};
		EBB1C72B1B946C4B0011F5C3 /* View */ = {
			isa = PBXGroup;
			children = (
				633646C21B8C657400FF45E2 /* Main.storyboard */,
				633646C51B8C657400FF45E2 /* Images.xcassets */,
			);
			name = View;
			sourceTree = "<group>";
		};
		EBB1C72C1B946C530011F5C3 /* Model */ = {
			isa = PBXGroup;
			children = (
				84A02FE32430DAA4007CF19A /* Question.swift */,
				8461DBE8244B465B001B9BB2 /* Game.swift */,
			);
			name = Model;
			sourceTree = "<group>";
		};
		EBB1C72D1B946C580011F5C3 /* Controller */ = {
			isa = PBXGroup;
			children = (
				633646BE1B8C657400FF45E2 /* AppDelegate.swift */,
				633646C01B8C657400FF45E2 /* ViewController.swift */,
				8461DBD12438B656001B9BB2 /* StartMenuViewController.swift */,
				8461DBDA2441EFD1001B9BB2 /* RegisterController.swift */,
				8461DBE22441F1CA001B9BB2 /* SelectCategoryController.swift */,
				8461DBE42441F5D5001B9BB2 /* LoginController.swift */,
				8461DBEC244C6C4C001B9BB2 /* RoomViewController.swift */,
				8485A76D244DCD3B00668264 /* EndedMultiplayerViewController.swift */,
			);
			name = Controller;
			sourceTree = "<group>";
		};
/* End PBXGroup section */

/* Begin PBXNativeTarget section */
		633646B81B8C657400FF45E2 /* Quizzler */ = {
			isa = PBXNativeTarget;
			buildConfigurationList = 633646D81B8C657400FF45E2 /* Build configuration list for PBXNativeTarget "Quizzler" */;
			buildPhases = (
				D385127CC3E4761A0FD3F20A /* [CP] Check Pods Manifest.lock */,
				633646B51B8C657400FF45E2 /* Sources */,
				633646B61B8C657400FF45E2 /* Frameworks */,
				633646B71B8C657400FF45E2 /* Resources */,
				7F923BEB0421496B97365175 /* [CP] Embed Pods Frameworks */,
			);
			buildRules = (
			);
			dependencies = (
			);
			name = Quizzler;
			productName = Quizzler;
			productReference = 633646B91B8C657400FF45E2 /* Quizzler.app */;
			productType = "com.apple.product-type.application";
		};
/* End PBXNativeTarget section */

/* Begin PBXProject section */
		633646B11B8C657400FF45E2 /* Project object */ = {
			isa = PBXProject;
			attributes = {
				LastSwiftUpdateCheck = 0700;
				LastUpgradeCheck = 0900;
				ORGANIZATIONNAME = "London App Brewery";
				TargetAttributes = {
					633646B81B8C657400FF45E2 = {
						CreatedOnToolsVersion = 6.4;
						LastSwiftMigration = 0900;
					};
				};
			};
			buildConfigurationList = 633646B41B8C657400FF45E2 /* Build configuration list for PBXProject "Quizzler" */;
			compatibilityVersion = "Xcode 3.2";
			developmentRegion = English;
			hasScannedForEncodings = 0;
			knownRegions = (
				en,
				Base,
			);
			mainGroup = 633646B01B8C657400FF45E2;
			productRefGroup = 633646BA1B8C657400FF45E2 /* Products */;
			projectDirPath = "";
			projectRoot = "";
			targets = (
				633646B81B8C657400FF45E2 /* Quizzler */,
			);
		};
/* End PBXProject section */

/* Begin PBXResourcesBuildPhase section */
		633646B71B8C657400FF45E2 /* Resources */ = {
			isa = PBXResourcesBuildPhase;
			buildActionMask = 2147483647;
			files = (
				ADEB04ED1FBDFEAA00026359 /* Main.storyboard in Resources */,
				8461DBE724420925001B9BB2 /* GoogleService-Info.plist in Resources */,
				633646C91B8C657400FF45E2 /* LaunchScreen.xib in Resources */,
				633646C61B8C657400FF45E2 /* Images.xcassets in Resources */,
			);
			runOnlyForDeploymentPostprocessing = 0;
		};
/* End PBXResourcesBuildPhase section */

/* Begin PBXShellScriptBuildPhase section */
		7F923BEB0421496B97365175 /* [CP] Embed Pods Frameworks */ = {
			isa = PBXShellScriptBuildPhase;
			buildActionMask = 2147483647;
			files = (
			);
			inputPaths = (
				"${PODS_ROOT}/Target Support Files/Pods-Quizzler/Pods-Quizzler-frameworks.sh",
				"${BUILT_PRODUCTS_DIR}/Alamofire/Alamofire.framework",
				"${BUILT_PRODUCTS_DIR}/BoringSSL-GRPC/openssl_grpc.framework",
				"${BUILT_PRODUCTS_DIR}/ChameleonFramework/ChameleonFramework.framework",
				"${BUILT_PRODUCTS_DIR}/GTMSessionFetcher/GTMSessionFetcher.framework",
				"${BUILT_PRODUCTS_DIR}/GoogleToolboxForMac/GoogleToolboxForMac.framework",
				"${BUILT_PRODUCTS_DIR}/ObjectMapper/ObjectMapper.framework",
				"${BUILT_PRODUCTS_DIR}/Protobuf/protobuf.framework",
				"${BUILT_PRODUCTS_DIR}/SVProgressHUD/SVProgressHUD.framework",
				"${BUILT_PRODUCTS_DIR}/SwiftyJSON/SwiftyJSON.framework",
				"${BUILT_PRODUCTS_DIR}/abseil/absl.framework",
				"${BUILT_PRODUCTS_DIR}/gRPC-Core/grpc.framework",
				"${BUILT_PRODUCTS_DIR}/gRPC-ProtoRPC/ProtoRPC.framework",
				"${BUILT_PRODUCTS_DIR}/gRPC-RxLibrary/RxLibrary.framework",
				"${BUILT_PRODUCTS_DIR}/gRPC/GRPCClient.framework",
				"${BUILT_PRODUCTS_DIR}/leveldb-library/leveldb.framework",
				"${BUILT_PRODUCTS_DIR}/nanopb/nanopb.framework",
			);
			name = "[CP] Embed Pods Frameworks";
			outputPaths = (
				"${TARGET_BUILD_DIR}/${FRAMEWORKS_FOLDER_PATH}/Alamofire.framework",
				"${TARGET_BUILD_DIR}/${FRAMEWORKS_FOLDER_PATH}/openssl_grpc.framework",
				"${TARGET_BUILD_DIR}/${FRAMEWORKS_FOLDER_PATH}/ChameleonFramework.framework",
				"${TARGET_BUILD_DIR}/${FRAMEWORKS_FOLDER_PATH}/GTMSessionFetcher.framework",
				"${TARGET_BUILD_DIR}/${FRAMEWORKS_FOLDER_PATH}/GoogleToolboxForMac.framework",
				"${TARGET_BUILD_DIR}/${FRAMEWORKS_FOLDER_PATH}/ObjectMapper.framework",
				"${TARGET_BUILD_DIR}/${FRAMEWORKS_FOLDER_PATH}/protobuf.framework",
				"${TARGET_BUILD_DIR}/${FRAMEWORKS_FOLDER_PATH}/SVProgressHUD.framework",
				"${TARGET_BUILD_DIR}/${FRAMEWORKS_FOLDER_PATH}/SwiftyJSON.framework",
				"${TARGET_BUILD_DIR}/${FRAMEWORKS_FOLDER_PATH}/absl.framework",
				"${TARGET_BUILD_DIR}/${FRAMEWORKS_FOLDER_PATH}/grpc.framework",
				"${TARGET_BUILD_DIR}/${FRAMEWORKS_FOLDER_PATH}/ProtoRPC.framework",
				"${TARGET_BUILD_DIR}/${FRAMEWORKS_FOLDER_PATH}/RxLibrary.framework",
				"${TARGET_BUILD_DIR}/${FRAMEWORKS_FOLDER_PATH}/GRPCClient.framework",
				"${TARGET_BUILD_DIR}/${FRAMEWORKS_FOLDER_PATH}/leveldb.framework",
				"${TARGET_BUILD_DIR}/${FRAMEWORKS_FOLDER_PATH}/nanopb.framework",
			);
			runOnlyForDeploymentPostprocessing = 0;
			shellPath = /bin/sh;
			shellScript = "\"${PODS_ROOT}/Target Support Files/Pods-Quizzler/Pods-Quizzler-frameworks.sh\"\n";
			showEnvVarsInLog = 0;
		};
		D385127CC3E4761A0FD3F20A /* [CP] Check Pods Manifest.lock */ = {
			isa = PBXShellScriptBuildPhase;
			buildActionMask = 2147483647;
			files = (
			);
			inputPaths = (
				"${PODS_PODFILE_DIR_PATH}/Podfile.lock",
				"${PODS_ROOT}/Manifest.lock",
			);
			name = "[CP] Check Pods Manifest.lock";
			outputPaths = (
				"$(DERIVED_FILE_DIR)/Pods-Quizzler-checkManifestLockResult.txt",
			);
			runOnlyForDeploymentPostprocessing = 0;
			shellPath = /bin/sh;
			shellScript = "diff \"${PODS_PODFILE_DIR_PATH}/Podfile.lock\" \"${PODS_ROOT}/Manifest.lock\" > /dev/null\nif [ $? != 0 ] ; then\n    # print error to STDERR\n    echo \"error: The sandbox is not in sync with the Podfile.lock. Run 'pod install' or update your CocoaPods installation.\" >&2\n    exit 1\nfi\n# This output is used by Xcode 'outputs' to avoid re-running this script phase.\necho \"SUCCESS\" > \"${SCRIPT_OUTPUT_FILE_0}\"\n";
			showEnvVarsInLog = 0;
		};
/* End PBXShellScriptBuildPhase section */

/* Begin PBXSourcesBuildPhase section */
		633646B51B8C657400FF45E2 /* Sources */ = {
			isa = PBXSourcesBuildPhase;
			buildActionMask = 2147483647;
			files = (
				8461DBDB2441EFD1001B9BB2 /* RegisterController.swift in Sources */,
				84A02FE42430DAA4007CF19A /* Question.swift in Sources */,
				8485A76E244DCD3B00668264 /* EndedMultiplayerViewController.swift in Sources */,
				8461DBE9244B465B001B9BB2 /* Game.swift in Sources */,
				8461DBED244C6C4C001B9BB2 /* RoomViewController.swift in Sources */,
				633646C11B8C657400FF45E2 /* ViewController.swift in Sources */,
				8461DBE32441F1CA001B9BB2 /* SelectCategoryController.swift in Sources */,
				8461DBD22438B656001B9BB2 /* StartMenuViewController.swift in Sources */,
				633646BF1B8C657400FF45E2 /* AppDelegate.swift in Sources */,
				8461DBE52441F5D5001B9BB2 /* LoginController.swift in Sources */,
			);
			runOnlyForDeploymentPostprocessing = 0;
		};
/* End PBXSourcesBuildPhase section */

/* Begin PBXVariantGroup section */
		633646C21B8C657400FF45E2 /* Main.storyboard */ = {
			isa = PBXVariantGroup;
			children = (
				633646C31B8C657400FF45E2 /* Base */,
			);
			name = Main.storyboard;
			sourceTree = "<group>";
		};
		633646C71B8C657400FF45E2 /* LaunchScreen.xib */ = {
			isa = PBXVariantGroup;
			children = (
				633646C81B8C657400FF45E2 /* Base */,
			);
			name = LaunchScreen.xib;
			sourceTree = "<group>";
		};
/* End PBXVariantGroup section */

/* Begin XCBuildConfiguration section */
		633646D61B8C657400FF45E2 /* Debug */ = {
			isa = XCBuildConfiguration;
			buildSettings = {
				ALWAYS_SEARCH_USER_PATHS = NO;
				CLANG_CXX_LANGUAGE_STANDARD = "gnu++0x";
				CLANG_CXX_LIBRARY = "libc++";
				CLANG_ENABLE_MODULES = YES;
				CLANG_ENABLE_OBJC_ARC = YES;
				CLANG_WARN_BLOCK_CAPTURE_AUTORELEASING = YES;
				CLANG_WARN_BOOL_CONVERSION = YES;
				CLANG_WARN_COMMA = YES;
				CLANG_WARN_CONSTANT_CONVERSION = YES;
				CLANG_WARN_DIRECT_OBJC_ISA_USAGE = YES_ERROR;
				CLANG_WARN_EMPTY_BODY = YES;
				CLANG_WARN_ENUM_CONVERSION = YES;
				CLANG_WARN_INFINITE_RECURSION = YES;
				CLANG_WARN_INT_CONVERSION = YES;
				CLANG_WARN_NON_LITERAL_NULL_CONVERSION = YES;
				CLANG_WARN_OBJC_LITERAL_CONVERSION = YES;
				CLANG_WARN_OBJC_ROOT_CLASS = YES_ERROR;
				CLANG_WARN_RANGE_LOOP_ANALYSIS = YES;
				CLANG_WARN_STRICT_PROTOTYPES = YES;
				CLANG_WARN_SUSPICIOUS_MOVE = YES;
				CLANG_WARN_UNREACHABLE_CODE = YES;
				CLANG_WARN__DUPLICATE_METHOD_MATCH = YES;
				"CODE_SIGN_IDENTITY[sdk=iphoneos*]" = "iPhone Developer";
				COPY_PHASE_STRIP = NO;
				DEBUG_INFORMATION_FORMAT = "dwarf-with-dsym";
				ENABLE_STRICT_OBJC_MSGSEND = YES;
				ENABLE_TESTABILITY = YES;
				GCC_C_LANGUAGE_STANDARD = gnu99;
				GCC_DYNAMIC_NO_PIC = NO;
				GCC_NO_COMMON_BLOCKS = YES;
				GCC_OPTIMIZATION_LEVEL = 0;
				GCC_PREPROCESSOR_DEFINITIONS = (
					"DEBUG=1",
					"$(inherited)",
				);
				GCC_SYMBOLS_PRIVATE_EXTERN = NO;
				GCC_WARN_64_TO_32_BIT_CONVERSION = YES;
				GCC_WARN_ABOUT_RETURN_TYPE = YES_ERROR;
				GCC_WARN_UNDECLARED_SELECTOR = YES;
				GCC_WARN_UNINITIALIZED_AUTOS = YES_AGGRESSIVE;
				GCC_WARN_UNUSED_FUNCTION = YES;
				GCC_WARN_UNUSED_VARIABLE = YES;
				IPHONEOS_DEPLOYMENT_TARGET = 10.0;
				MTL_ENABLE_DEBUG_INFO = YES;
				ONLY_ACTIVE_ARCH = YES;
				SDKROOT = iphoneos;
				SWIFT_OPTIMIZATION_LEVEL = "-Onone";
			};
			name = Debug;
		};
		633646D71B8C657400FF45E2 /* Release */ = {
			isa = XCBuildConfiguration;
			buildSettings = {
				ALWAYS_SEARCH_USER_PATHS = NO;
				CLANG_CXX_LANGUAGE_STANDARD = "gnu++0x";
				CLANG_CXX_LIBRARY = "libc++";
				CLANG_ENABLE_MODULES = YES;
				CLANG_ENABLE_OBJC_ARC = YES;
				CLANG_WARN_BLOCK_CAPTURE_AUTORELEASING = YES;
				CLANG_WARN_BOOL_CONVERSION = YES;
				CLANG_WARN_COMMA = YES;
				CLANG_WARN_CONSTANT_CONVERSION = YES;
				CLANG_WARN_DIRECT_OBJC_ISA_USAGE = YES_ERROR;
				CLANG_WARN_EMPTY_BODY = YES;
				CLANG_WARN_ENUM_CONVERSION = YES;
				CLANG_WARN_INFINITE_RECURSION = YES;
				CLANG_WARN_INT_CONVERSION = YES;
				CLANG_WARN_NON_LITERAL_NULL_CONVERSION = YES;
				CLANG_WARN_OBJC_LITERAL_CONVERSION = YES;
				CLANG_WARN_OBJC_ROOT_CLASS = YES_ERROR;
				CLANG_WARN_RANGE_LOOP_ANALYSIS = YES;
				CLANG_WARN_STRICT_PROTOTYPES = YES;
				CLANG_WARN_SUSPICIOUS_MOVE = YES;
				CLANG_WARN_UNREACHABLE_CODE = YES;
				CLANG_WARN__DUPLICATE_METHOD_MATCH = YES;
				"CODE_SIGN_IDENTITY[sdk=iphoneos*]" = "iPhone Developer";
				COPY_PHASE_STRIP = NO;
				DEBUG_INFORMATION_FORMAT = "dwarf-with-dsym";
				ENABLE_NS_ASSERTIONS = NO;
				ENABLE_STRICT_OBJC_MSGSEND = YES;
				GCC_C_LANGUAGE_STANDARD = gnu99;
				GCC_NO_COMMON_BLOCKS = YES;
				GCC_WARN_64_TO_32_BIT_CONVERSION = YES;
				GCC_WARN_ABOUT_RETURN_TYPE = YES_ERROR;
				GCC_WARN_UNDECLARED_SELECTOR = YES;
				GCC_WARN_UNINITIALIZED_AUTOS = YES_AGGRESSIVE;
				GCC_WARN_UNUSED_FUNCTION = YES;
				GCC_WARN_UNUSED_VARIABLE = YES;
				IPHONEOS_DEPLOYMENT_TARGET = 10.0;
				MTL_ENABLE_DEBUG_INFO = NO;
				SDKROOT = iphoneos;
				SWIFT_OPTIMIZATION_LEVEL = "-Owholemodule";
				VALIDATE_PRODUCT = YES;
			};
			name = Release;
		};
		633646D91B8C657400FF45E2 /* Debug */ = {
			isa = XCBuildConfiguration;
			baseConfigurationReference = 222022ECF98B5938E7FB7895 /* Pods-Quizzler.debug.xcconfig */;
			buildSettings = {
				ASSETCATALOG_COMPILER_APPICON_NAME = AppIcon;
				CLANG_ENABLE_MODULES = YES;
				INFOPLIST_FILE = Quizzler/Info.plist;
				IPHONEOS_DEPLOYMENT_TARGET = 11.0;
				LD_RUNPATH_SEARCH_PATHS = "$(inherited) @executable_path/Frameworks";
				PRODUCT_BUNDLE_IDENTIFIER = com.diana.Quizzler;
				PRODUCT_NAME = "$(TARGET_NAME)";
				SWIFT_OBJC_BRIDGING_HEADER = "";
				SWIFT_OPTIMIZATION_LEVEL = "-Onone";
				SWIFT_SWIFT3_OBJC_INFERENCE = Off;
				SWIFT_VERSION = 4.0;
			};
			name = Debug;
		};
		633646DA1B8C657400FF45E2 /* Release */ = {
			isa = XCBuildConfiguration;
			baseConfigurationReference = 435EA97632189DAAEED19D6B /* Pods-Quizzler.release.xcconfig */;
			buildSettings = {
				ASSETCATALOG_COMPILER_APPICON_NAME = AppIcon;
				CLANG_ENABLE_MODULES = YES;
				INFOPLIST_FILE = Quizzler/Info.plist;
				IPHONEOS_DEPLOYMENT_TARGET = 11.0;
				LD_RUNPATH_SEARCH_PATHS = "$(inherited) @executable_path/Frameworks";
				PRODUCT_BUNDLE_IDENTIFIER = com.diana.Quizzler;
				PRODUCT_NAME = "$(TARGET_NAME)";
				SWIFT_OBJC_BRIDGING_HEADER = "";
				SWIFT_SWIFT3_OBJC_INFERENCE = Off;
				SWIFT_VERSION = 4.0;
			};
			name = Release;
		};
/* End XCBuildConfiguration section */

/* Begin XCConfigurationList section */
		633646B41B8C657400FF45E2 /* Build configuration list for PBXProject "Quizzler" */ = {
			isa = XCConfigurationList;
			buildConfigurations = (
				633646D61B8C657400FF45E2 /* Debug */,
				633646D71B8C657400FF45E2 /* Release */,
			);
			defaultConfigurationIsVisible = 0;
			defaultConfigurationName = Release;
		};
		633646D81B8C657400FF45E2 /* Build configuration list for PBXNativeTarget "Quizzler" */ = {
			isa = XCConfigurationList;
			buildConfigurations = (
				633646D91B8C657400FF45E2 /* Debug */,
				633646DA1B8C657400FF45E2 /* Release */,
			);
			defaultConfigurationIsVisible = 0;
			defaultConfigurationName = Release;
		};
/* End XCConfigurationList section */
	};
	rootObject = 633646B11B8C657400FF45E2 /* Project object */;
}
